
Microsoft Visual Studio Solution File, Format Version 12.00
# Visual Studio Version 17
VisualStudioVersion = 17.10.34928.147
MinimumVisualStudioVersion = 10.0.40219.1
Project("{9A19103F-16F7-4668-BE54-9A1E7A4F7556}") = "site.snapper.iam.host", "src\site.snapper.iam.host\site.snapper.iam.host.csproj", "{CE8548F8-13E2-4F9B-9E33-0F5808427D3D}"
EndProject
Project("{9A19103F-16F7-4668-BE54-9A1E7A4F7556}") = "site.snapper.api.host", "src\site.snapper.api.host\site.snapper.api.host.csproj", "{F69E3343-61C2-4003-BA27-4C880429970D}"
EndProject
Project("{9A19103F-16F7-4668-BE54-9A1E7A4F7556}") = "site.snapper.dynamo", "src\site.snapper.dynamo\site.snapper.dynamo.csproj", "{595196CD-E851-4A0D-A508-1147FD3C19C7}"
EndProject
Global
	GlobalSection(SolutionConfigurationPlatforms) = preSolution
		Debug|Any CPU = Debug|Any CPU
		Release|Any CPU = Release|Any CPU
	EndGlobalSection
	GlobalSection(ProjectConfigurationPlatforms) = postSolution
		{CE8548F8-13E2-4F9B-9E33-0F5808427D3D}.Debug|Any CPU.ActiveCfg = Debug|Any CPU
		{CE8548F8-13E2-4F9B-9E33-0F5808427D3D}.Debug|Any CPU.Build.0 = Debug|Any CPU
		{CE8548F8-13E2-4F9B-9E33-0F5808427D3D}.Release|Any CPU.ActiveCfg = Release|Any CPU
		{CE8548F8-13E2-4F9B-9E33-0F5808427D3D}.Release|Any CPU.Build.0 = Release|Any CPU
		{F69E3343-61C2-4003-BA27-4C880429970D}.Debug|Any CPU.ActiveCfg = Debug|Any CPU
		{F69E3343-61C2-4003-BA27-4C880429970D}.Debug|Any CPU.Build.0 = Debug|Any CPU
		{F69E3343-61C2-4003-BA27-4C880429970D}.Release|Any CPU.ActiveCfg = Release|Any CPU
		{F69E3343-61C2-4003-BA27-4C880429970D}.Release|Any CPU.Build.0 = Release|Any CPU
		{595196CD-E851-4A0D-A508-1147FD3C19C7}.Debug|Any CPU.ActiveCfg = Debug|Any CPU
		{595196CD-E851-4A0D-A508-1147FD3C19C7}.Debug|Any CPU.Build.0 = Debug|Any CPU
		{595196CD-E851-4A0D-A508-1147FD3C19C7}.Release|Any CPU.ActiveCfg = Release|Any CPU
		{595196CD-E851-4A0D-A508-1147FD3C19C7}.Release|Any CPU.Build.0 = Release|Any CPU
	EndGlobalSection
	GlobalSection(SolutionProperties) = preSolution
		HideSolutionNode = FALSE
	EndGlobalSection
	GlobalSection(ExtensibilityGlobals) = postSolution
		SolutionGuid = {9EBFCD1F-811A-442F-982B-EAE565D10D9E}
	EndGlobalSection
EndGlobal
